
Microsoft Visual Studio Solution File, Format Version 12.00
# Visual Studio Version 17
VisualStudioVersion = 17.13.35825.156
MinimumVisualStudioVersion = 10.0.40219.1
Project("{FAE04EC0-301F-11D3-BF4B-00C04F79EFBC}") = "QuickSort", "QuickSort\QuickSort.csproj", "{09C0228D-AFFE-4801-AFC7-9CC88FBEA573}"
EndProject
Global
	GlobalSection(SolutionConfigurationPlatforms) = preSolution
		Debug|Any CPU = Debug|Any CPU
		Release|Any CPU = Release|Any CPU
	EndGlobalSection
	GlobalSection(ProjectConfigurationPlatforms) = postSolution
		{09C0228D-AFFE-4801-AFC7-9CC88FBEA573}.Debug|Any CPU.ActiveCfg = Debug|Any CPU
		{09C0228D-AFFE-4801-AFC7-9CC88FBEA573}.Debug|Any CPU.Build.0 = Debug|Any CPU
		{09C0228D-AFFE-4801-AFC7-9CC88FBEA573}.Release|Any CPU.ActiveCfg = Release|Any CPU
		{09C0228D-AFFE-4801-AFC7-9CC88FBEA573}.Release|Any CPU.Build.0 = Release|Any CPU
	EndGlobalSection
	GlobalSection(SolutionProperties) = preSolution
		HideSolutionNode = FALSE
	EndGlobalSection
	GlobalSection(ExtensibilityGlobals) = postSolution
		SolutionGuid = {8DC41D40-1251-4946-AD93-A284D5FF24F8}
	EndGlobalSection
EndGlobal
