
Microsoft Visual Studio Solution File, Format Version 12.00
# Visual Studio Version 17
VisualStudioVersion = 17.11.35327.3
MinimumVisualStudioVersion = 10.0.40219.1
Project("{9A19103F-16F7-4668-BE54-9A1E7A4F7556}") = "task-1", "task-1\task-1.csproj", "{13840296-7E88-4B49-AB4F-A7CF9CF5DD87}"
EndProject
Project("{FAE04EC0-301F-11D3-BF4B-00C04F79EFBC}") = "task-2", "task-2\task-2.csproj", "{07AE96D6-C889-4943-9CE8-5B5BEC417D1F}"
EndProject
Project("{FAE04EC0-301F-11D3-BF4B-00C04F79EFBC}") = "task-3", "task-3\task-3.csproj", "{175B7827-54D9-4F64-B1B1-A1B4A77A9E37}"
EndProject
Project("{FAE04EC0-301F-11D3-BF4B-00C04F79EFBC}") = "task-4", "task-4\task-4.csproj", "{2643263A-34AC-47AE-869E-AC4AABDC0E72}"
EndProject
Global
	GlobalSection(SolutionConfigurationPlatforms) = preSolution
		Debug|Any CPU = Debug|Any CPU
		Release|Any CPU = Release|Any CPU
	EndGlobalSection
	GlobalSection(ProjectConfigurationPlatforms) = postSolution
		{13840296-7E88-4B49-AB4F-A7CF9CF5DD87}.Debug|Any CPU.ActiveCfg = Debug|Any CPU
		{13840296-7E88-4B49-AB4F-A7CF9CF5DD87}.Debug|Any CPU.Build.0 = Debug|Any CPU
		{13840296-7E88-4B49-AB4F-A7CF9CF5DD87}.Release|Any CPU.ActiveCfg = Release|Any CPU
		{13840296-7E88-4B49-AB4F-A7CF9CF5DD87}.Release|Any CPU.Build.0 = Release|Any CPU
		{07AE96D6-C889-4943-9CE8-5B5BEC417D1F}.Debug|Any CPU.ActiveCfg = Debug|Any CPU
		{07AE96D6-C889-4943-9CE8-5B5BEC417D1F}.Debug|Any CPU.Build.0 = Debug|Any CPU
		{07AE96D6-C889-4943-9CE8-5B5BEC417D1F}.Release|Any CPU.ActiveCfg = Release|Any CPU
		{07AE96D6-C889-4943-9CE8-5B5BEC417D1F}.Release|Any CPU.Build.0 = Release|Any CPU
		{175B7827-54D9-4F64-B1B1-A1B4A77A9E37}.Debug|Any CPU.ActiveCfg = Debug|Any CPU
		{175B7827-54D9-4F64-B1B1-A1B4A77A9E37}.Debug|Any CPU.Build.0 = Debug|Any CPU
		{175B7827-54D9-4F64-B1B1-A1B4A77A9E37}.Release|Any CPU.ActiveCfg = Release|Any CPU
		{175B7827-54D9-4F64-B1B1-A1B4A77A9E37}.Release|Any CPU.Build.0 = Release|Any CPU
		{2643263A-34AC-47AE-869E-AC4AABDC0E72}.Debug|Any CPU.ActiveCfg = Debug|Any CPU
		{2643263A-34AC-47AE-869E-AC4AABDC0E72}.Debug|Any CPU.Build.0 = Debug|Any CPU
		{2643263A-34AC-47AE-869E-AC4AABDC0E72}.Release|Any CPU.ActiveCfg = Release|Any CPU
		{2643263A-34AC-47AE-869E-AC4AABDC0E72}.Release|Any CPU.Build.0 = Release|Any CPU
	EndGlobalSection
	GlobalSection(SolutionProperties) = preSolution
		HideSolutionNode = FALSE
	EndGlobalSection
	GlobalSection(ExtensibilityGlobals) = postSolution
		SolutionGuid = {FAA2CB1B-C1A0-4381-AD2E-165EF4085778}
	EndGlobalSection
EndGlobal
